
Microsoft Visual Studio Solution File, Format Version 12.00
# Visual Studio Version 16
VisualStudioVersion = 16.0.31229.75
MinimumVisualStudioVersion = 10.0.40219.1
Project("{FAE04EC0-301F-11D3-BF4B-00C04F79EFBC}") = "ConsoleApp2", "ConsoleApp2\ConsoleApp2.csproj", "{F923AF13-CBC7-423C-A4A6-527528FB830B}"
EndProject
Global
	GlobalSection(SolutionConfigurationPlatforms) = preSolution
		Debug|Any CPU = Debug|Any CPU
		Release|Any CPU = Release|Any CPU
	EndGlobalSection
	GlobalSection(ProjectConfigurationPlatforms) = postSolution
		{F923AF13-CBC7-423C-A4A6-527528FB830B}.Debug|Any CPU.ActiveCfg = Debug|Any CPU
		{F923AF13-CBC7-423C-A4A6-527528FB830B}.Debug|Any CPU.Build.0 = Debug|Any CPU
		{F923AF13-CBC7-423C-A4A6-527528FB830B}.Release|Any CPU.ActiveCfg = Release|Any CPU
		{F923AF13-CBC7-423C-A4A6-527528FB830B}.Release|Any CPU.Build.0 = Release|Any CPU
	EndGlobalSection
	GlobalSection(SolutionProperties) = preSolution
		HideSolutionNode = FALSE
	EndGlobalSection
	GlobalSection(ExtensibilityGlobals) = postSolution
		SolutionGuid = {690745FE-AE29-48AB-98F6-99694523DE48}
	EndGlobalSection
EndGlobal
